
Microsoft Visual Studio Solution File, Format Version 12.00
# Visual Studio 15
Project("{FAE04EC0-301F-11D3-BF4B-00C04F79EFBC}") = "Assembly-CSharp", "Assembly-CSharp.csproj", "{079FE3D5-6626-B25E-3207-83254CF95CA7}"
EndProject
Project("{FAE04EC0-301F-11D3-BF4B-00C04F79EFBC}") = "Assembly-CSharp-Editor", "Assembly-CSharp-Editor.csproj", "{44B4ABBD-FFA4-E2C6-47BB-CB7DF9FA0C34}"
EndProject
Global
	GlobalSection(SolutionConfigurationPlatforms) = preSolution
		Debug|Any CPU = Debug|Any CPU
		Release|Any CPU = Release|Any CPU
	EndGlobalSection
	GlobalSection(ProjectConfigurationPlatforms) = postSolution
		{079FE3D5-6626-B25E-3207-83254CF95CA7}.Debug|Any CPU.ActiveCfg = Debug|Any CPU
		{079FE3D5-6626-B25E-3207-83254CF95CA7}.Debug|Any CPU.Build.0 = Debug|Any CPU
		{079FE3D5-6626-B25E-3207-83254CF95CA7}.Release|Any CPU.ActiveCfg = Release|Any CPU
		{079FE3D5-6626-B25E-3207-83254CF95CA7}.Release|Any CPU.Build.0 = Release|Any CPU
		{44B4ABBD-FFA4-E2C6-47BB-CB7DF9FA0C34}.Debug|Any CPU.ActiveCfg = Debug|Any CPU
		{44B4ABBD-FFA4-E2C6-47BB-CB7DF9FA0C34}.Debug|Any CPU.Build.0 = Debug|Any CPU
		{44B4ABBD-FFA4-E2C6-47BB-CB7DF9FA0C34}.Release|Any CPU.ActiveCfg = Release|Any CPU
		{44B4ABBD-FFA4-E2C6-47BB-CB7DF9FA0C34}.Release|Any CPU.Build.0 = Release|Any CPU
	EndGlobalSection
	GlobalSection(SolutionProperties) = preSolution
		HideSolutionNode = FALSE
	EndGlobalSection
EndGlobal
